
Microsoft Visual Studio Solution File, Format Version 12.00
# Visual Studio Version 17
VisualStudioVersion = 17.14.36408.4 d17.14
MinimumVisualStudioVersion = 10.0.40219.1
Project("{FAE04EC0-301F-11D3-BF4B-00C04F79EFBC}") = "LogicalPacket", "LogicalPacket.csproj", "{763CDAF7-E8EE-4503-8711-0BB8E6FF9AA5}"
EndProject
Project("{FAE04EC0-301F-11D3-BF4B-00C04F79EFBC}") = "LogicalPacket.Demo", "..\LogicalPacket.Demo\LogicalPacket.Demo.csproj", "{C5E01188-1743-4654-BD0A-11CE20A151FB}"
EndProject
Global
	GlobalSection(SolutionConfigurationPlatforms) = preSolution
		Debug|Any CPU = Debug|Any CPU
		Release|Any CPU = Release|Any CPU
	EndGlobalSection
	GlobalSection(ProjectConfigurationPlatforms) = postSolution
		{763CDAF7-E8EE-4503-8711-0BB8E6FF9AA5}.Debug|Any CPU.ActiveCfg = Debug|Any CPU
		{763CDAF7-E8EE-4503-8711-0BB8E6FF9AA5}.Debug|Any CPU.Build.0 = Debug|Any CPU
		{763CDAF7-E8EE-4503-8711-0BB8E6FF9AA5}.Release|Any CPU.ActiveCfg = Release|Any CPU
		{763CDAF7-E8EE-4503-8711-0BB8E6FF9AA5}.Release|Any CPU.Build.0 = Release|Any CPU
		{C5E01188-1743-4654-BD0A-11CE20A151FB}.Debug|Any CPU.ActiveCfg = Debug|Any CPU
		{C5E01188-1743-4654-BD0A-11CE20A151FB}.Debug|Any CPU.Build.0 = Debug|Any CPU
		{C5E01188-1743-4654-BD0A-11CE20A151FB}.Release|Any CPU.ActiveCfg = Release|Any CPU
		{C5E01188-1743-4654-BD0A-11CE20A151FB}.Release|Any CPU.Build.0 = Release|Any CPU
	EndGlobalSection
	GlobalSection(SolutionProperties) = preSolution
		HideSolutionNode = FALSE
	EndGlobalSection
	GlobalSection(ExtensibilityGlobals) = postSolution
		SolutionGuid = {03827020-9847-41B6-A563-298ECE4B63B2}
	EndGlobalSection
EndGlobal
