
Microsoft Visual Studio Solution File, Format Version 12.00
Project("{FAE04EC0-301F-11D3-BF4B-00C04F79EFBC}") = "PaxNet", "PaxNet\PaxNet.csproj", "{BE1114A6-312E-46E8-83ED-DA614B3763BE}"
EndProject
Project("{FAE04EC0-301F-11D3-BF4B-00C04F79EFBC}") = "PaxNet.Demo", "PaxNet.Demo\PaxNet.Demo.csproj", "{3DD8E70F-48AD-44D3-9ACF-B607ABEE0492}"
EndProject
Project("{FAE04EC0-301F-11D3-BF4B-00C04F79EFBC}") = "PaxNet.Tests", "PaxNet.Tests\PaxNet.Tests.csproj", "{2DE8F7BB-F062-4A22-9343-129C38008021}"
EndProject
Global
	GlobalSection(SolutionConfigurationPlatforms) = preSolution
		Debug|Any CPU = Debug|Any CPU
		Release|Any CPU = Release|Any CPU
	EndGlobalSection
	GlobalSection(ProjectConfigurationPlatforms) = postSolution
		{BE1114A6-312E-46E8-83ED-DA614B3763BE}.Debug|Any CPU.ActiveCfg = Debug|Any CPU
		{BE1114A6-312E-46E8-83ED-DA614B3763BE}.Debug|Any CPU.Build.0 = Debug|Any CPU
		{BE1114A6-312E-46E8-83ED-DA614B3763BE}.Release|Any CPU.ActiveCfg = Release|Any CPU
		{BE1114A6-312E-46E8-83ED-DA614B3763BE}.Release|Any CPU.Build.0 = Release|Any CPU
		{3DD8E70F-48AD-44D3-9ACF-B607ABEE0492}.Debug|Any CPU.ActiveCfg = Debug|Any CPU
		{3DD8E70F-48AD-44D3-9ACF-B607ABEE0492}.Debug|Any CPU.Build.0 = Debug|Any CPU
		{3DD8E70F-48AD-44D3-9ACF-B607ABEE0492}.Release|Any CPU.ActiveCfg = Release|Any CPU
		{3DD8E70F-48AD-44D3-9ACF-B607ABEE0492}.Release|Any CPU.Build.0 = Release|Any CPU
		{2DE8F7BB-F062-4A22-9343-129C38008021}.Debug|Any CPU.ActiveCfg = Debug|Any CPU
		{2DE8F7BB-F062-4A22-9343-129C38008021}.Debug|Any CPU.Build.0 = Debug|Any CPU
		{2DE8F7BB-F062-4A22-9343-129C38008021}.Release|Any CPU.ActiveCfg = Release|Any CPU
		{2DE8F7BB-F062-4A22-9343-129C38008021}.Release|Any CPU.Build.0 = Release|Any CPU
	EndGlobalSection
EndGlobal
